
Microsoft Visual Studio Solution File, Format Version 12.00
# Visual Studio Version 17
VisualStudioVersion = 17.4.33403.182
MinimumVisualStudioVersion = 10.0.40219.1
Project("{FAE04EC0-301F-11D3-BF4B-00C04F79EFBC}") = "CarGalleryWPF", "CarGalleryWPF\CarGalleryWPF.csproj", "{A7FFAB84-2922-4A20-AAA3-FC0AF703EEBA}"
EndProject
Global
	GlobalSection(SolutionConfigurationPlatforms) = preSolution
		Debug|Any CPU = Debug|Any CPU
		Release|Any CPU = Release|Any CPU
	EndGlobalSection
	GlobalSection(ProjectConfigurationPlatforms) = postSolution
		{A7FFAB84-2922-4A20-AAA3-FC0AF703EEBA}.Debug|Any CPU.ActiveCfg = Debug|Any CPU
		{A7FFAB84-2922-4A20-AAA3-FC0AF703EEBA}.Debug|Any CPU.Build.0 = Debug|Any CPU
		{A7FFAB84-2922-4A20-AAA3-FC0AF703EEBA}.Release|Any CPU.ActiveCfg = Release|Any CPU
		{A7FFAB84-2922-4A20-AAA3-FC0AF703EEBA}.Release|Any CPU.Build.0 = Release|Any CPU
	EndGlobalSection
	GlobalSection(SolutionProperties) = preSolution
		HideSolutionNode = FALSE
	EndGlobalSection
	GlobalSection(ExtensibilityGlobals) = postSolution
		SolutionGuid = {028EBB06-EF30-46A6-B78C-73D270926DCD}
	EndGlobalSection
EndGlobal
